
Microsoft Visual Studio Solution File, Format Version 12.00
Project("{FAE04EC0-301F-11D3-BF4B-00C04F79EFBC}") = "SquareCalculator.Library", "SquareCalculator.Library\SquareCalculator.Library.csproj", "{FD0389B2-206E-446A-9D7A-B1303D187B78}"
EndProject
Project("{FAE04EC0-301F-11D3-BF4B-00C04F79EFBC}") = "SquareCalculator.Tests", "SquareCalculator.Tests\SquareCalculator.Tests.csproj", "{AA725D04-A079-42ED-8F89-035B4E8E55F2}"
EndProject
Global
	GlobalSection(SolutionConfigurationPlatforms) = preSolution
		Debug|Any CPU = Debug|Any CPU
		Release|Any CPU = Release|Any CPU
	EndGlobalSection
	GlobalSection(ProjectConfigurationPlatforms) = postSolution
		{FD0389B2-206E-446A-9D7A-B1303D187B78}.Debug|Any CPU.ActiveCfg = Debug|Any CPU
		{FD0389B2-206E-446A-9D7A-B1303D187B78}.Debug|Any CPU.Build.0 = Debug|Any CPU
		{FD0389B2-206E-446A-9D7A-B1303D187B78}.Release|Any CPU.ActiveCfg = Release|Any CPU
		{FD0389B2-206E-446A-9D7A-B1303D187B78}.Release|Any CPU.Build.0 = Release|Any CPU
		{AA725D04-A079-42ED-8F89-035B4E8E55F2}.Debug|Any CPU.ActiveCfg = Debug|Any CPU
		{AA725D04-A079-42ED-8F89-035B4E8E55F2}.Debug|Any CPU.Build.0 = Debug|Any CPU
		{AA725D04-A079-42ED-8F89-035B4E8E55F2}.Release|Any CPU.ActiveCfg = Release|Any CPU
		{AA725D04-A079-42ED-8F89-035B4E8E55F2}.Release|Any CPU.Build.0 = Release|Any CPU
	EndGlobalSection
EndGlobal
